
Microsoft Visual Studio Solution File, Format Version 12.00
# Visual Studio 15
VisualStudioVersion = 15.0.27130.2027
MinimumVisualStudioVersion = 10.0.40219.1
Project("{FAE04EC0-301F-11D3-BF4B-00C04F79EFBC}") = "TeamBuilder.App", "TeamBuilder.App\TeamBuilder.App.csproj", "{AA3BD0AD-7EB1-4B5C-98FD-8B376A25395A}"
EndProject
Project("{FAE04EC0-301F-11D3-BF4B-00C04F79EFBC}") = "TeamBuilder.Models", "TeamBuilder.Models\TeamBuilder.Models.csproj", "{F5FF7A08-B9B0-4C03-8219-7B9BAA530E3D}"
EndProject
Project("{FAE04EC0-301F-11D3-BF4B-00C04F79EFBC}") = "TeamBuilder.Data", "TeamBuilder.Data\TeamBuilder.Data.csproj", "{E3AD0945-3F83-4E88-BC41-ACFA1CE5E05D}"
EndProject
Global
	GlobalSection(SolutionConfigurationPlatforms) = preSolution
		Debug|Any CPU = Debug|Any CPU
		Release|Any CPU = Release|Any CPU
	EndGlobalSection
	GlobalSection(ProjectConfigurationPlatforms) = postSolution
		{AA3BD0AD-7EB1-4B5C-98FD-8B376A25395A}.Debug|Any CPU.ActiveCfg = Debug|Any CPU
		{AA3BD0AD-7EB1-4B5C-98FD-8B376A25395A}.Debug|Any CPU.Build.0 = Debug|Any CPU
		{AA3BD0AD-7EB1-4B5C-98FD-8B376A25395A}.Release|Any CPU.ActiveCfg = Release|Any CPU
		{AA3BD0AD-7EB1-4B5C-98FD-8B376A25395A}.Release|Any CPU.Build.0 = Release|Any CPU
		{F5FF7A08-B9B0-4C03-8219-7B9BAA530E3D}.Debug|Any CPU.ActiveCfg = Debug|Any CPU
		{F5FF7A08-B9B0-4C03-8219-7B9BAA530E3D}.Debug|Any CPU.Build.0 = Debug|Any CPU
		{F5FF7A08-B9B0-4C03-8219-7B9BAA530E3D}.Release|Any CPU.ActiveCfg = Release|Any CPU
		{F5FF7A08-B9B0-4C03-8219-7B9BAA530E3D}.Release|Any CPU.Build.0 = Release|Any CPU
		{E3AD0945-3F83-4E88-BC41-ACFA1CE5E05D}.Debug|Any CPU.ActiveCfg = Debug|Any CPU
		{E3AD0945-3F83-4E88-BC41-ACFA1CE5E05D}.Debug|Any CPU.Build.0 = Debug|Any CPU
		{E3AD0945-3F83-4E88-BC41-ACFA1CE5E05D}.Release|Any CPU.ActiveCfg = Release|Any CPU
		{E3AD0945-3F83-4E88-BC41-ACFA1CE5E05D}.Release|Any CPU.Build.0 = Release|Any CPU
	EndGlobalSection
	GlobalSection(SolutionProperties) = preSolution
		HideSolutionNode = FALSE
	EndGlobalSection
	GlobalSection(ExtensibilityGlobals) = postSolution
		SolutionGuid = {25D684CD-04CB-446D-B0D4-5B92B4932208}
	EndGlobalSection
EndGlobal
