
Microsoft Visual Studio Solution File, Format Version 12.00
# Visual Studio 15
VisualStudioVersion = 15.0.27130.2027
MinimumVisualStudioVersion = 10.0.40219.1
Project("{FAE04EC0-301F-11D3-BF4B-00C04F79EFBC}") = "ProductShop.App", "ProductShop.App\ProductShop.App.csproj", "{3955D129-AC60-4B76-BC31-939A4B4454D3}"
EndProject
Project("{FAE04EC0-301F-11D3-BF4B-00C04F79EFBC}") = "ProductShop.Data", "ProductShop.Data\ProductShop.Data.csproj", "{4BB9075D-C963-4C9F-93C0-CE4283CA858E}"
EndProject
Project("{FAE04EC0-301F-11D3-BF4B-00C04F79EFBC}") = "ProductShop.Models", "ProductShop.Models\ProductShop.Models.csproj", "{496C8917-86FD-4135-AE27-4453D5FFF0F5}"
EndProject
Global
	GlobalSection(SolutionConfigurationPlatforms) = preSolution
		Debug|Any CPU = Debug|Any CPU
		Release|Any CPU = Release|Any CPU
	EndGlobalSection
	GlobalSection(ProjectConfigurationPlatforms) = postSolution
		{3955D129-AC60-4B76-BC31-939A4B4454D3}.Debug|Any CPU.ActiveCfg = Debug|Any CPU
		{3955D129-AC60-4B76-BC31-939A4B4454D3}.Debug|Any CPU.Build.0 = Debug|Any CPU
		{3955D129-AC60-4B76-BC31-939A4B4454D3}.Release|Any CPU.ActiveCfg = Release|Any CPU
		{3955D129-AC60-4B76-BC31-939A4B4454D3}.Release|Any CPU.Build.0 = Release|Any CPU
		{4BB9075D-C963-4C9F-93C0-CE4283CA858E}.Debug|Any CPU.ActiveCfg = Debug|Any CPU
		{4BB9075D-C963-4C9F-93C0-CE4283CA858E}.Debug|Any CPU.Build.0 = Debug|Any CPU
		{4BB9075D-C963-4C9F-93C0-CE4283CA858E}.Release|Any CPU.ActiveCfg = Release|Any CPU
		{4BB9075D-C963-4C9F-93C0-CE4283CA858E}.Release|Any CPU.Build.0 = Release|Any CPU
		{496C8917-86FD-4135-AE27-4453D5FFF0F5}.Debug|Any CPU.ActiveCfg = Debug|Any CPU
		{496C8917-86FD-4135-AE27-4453D5FFF0F5}.Debug|Any CPU.Build.0 = Debug|Any CPU
		{496C8917-86FD-4135-AE27-4453D5FFF0F5}.Release|Any CPU.ActiveCfg = Release|Any CPU
		{496C8917-86FD-4135-AE27-4453D5FFF0F5}.Release|Any CPU.Build.0 = Release|Any CPU
	EndGlobalSection
	GlobalSection(SolutionProperties) = preSolution
		HideSolutionNode = FALSE
	EndGlobalSection
	GlobalSection(ExtensibilityGlobals) = postSolution
		SolutionGuid = {045E62B4-6CDD-489C-83C8-AD2E3B5A4648}
	EndGlobalSection
EndGlobal
