
Microsoft Visual Studio Solution File, Format Version 12.00
# Visual Studio 15
VisualStudioVersion = 15.0.26430.14
MinimumVisualStudioVersion = 10.0.40219.1
Project("{FAE04EC0-301F-11D3-BF4B-00C04F79EFBC}") = "SquareArea", "SquareArea\SquareArea.csproj", "{E8AA8C9E-0152-4640-BEE5-5F8B63F13679}"
EndProject
Project("{FAE04EC0-301F-11D3-BF4B-00C04F79EFBC}") = "InchesToCentimeters", "InchesToCentimeters\InchesToCentimeters.csproj", "{9DE283D2-BF9D-4D4D-A168-ED4D59DCA1C1}"
EndProject
Project("{FAE04EC0-301F-11D3-BF4B-00C04F79EFBC}") = "GreetingByName", "GreetingByName\GreetingByName.csproj", "{2BA1F3F0-BB3C-416F-83CA-4A3DBCFFFAC3}"
EndProject
Project("{FAE04EC0-301F-11D3-BF4B-00C04F79EFBC}") = "ConcatenateData", "ConcatenateData\ConcatenateData.csproj", "{0F2614D4-CE9B-4667-9A47-B1612BA81876}"
EndProject
Project("{FAE04EC0-301F-11D3-BF4B-00C04F79EFBC}") = "TrapezoidArea", "TrapezoidArea\TrapezoidArea.csproj", "{9F93B20F-8778-47A3-921F-CA6F94F468ED}"
EndProject
Project("{FAE04EC0-301F-11D3-BF4B-00C04F79EFBC}") = "CircleAreaPerimeter", "CircleAreaPerimeter\CircleAreaPerimeter.csproj", "{84178FDE-3FC5-41C3-A3B9-EE7D20E7BF32}"
EndProject
Project("{FAE04EC0-301F-11D3-BF4B-00C04F79EFBC}") = "2DRectangleArea", "2DRectangleArea\2DRectangleArea.csproj", "{D47B32B5-402D-4B65-AA1C-B723D32C2F19}"
EndProject
Project("{FAE04EC0-301F-11D3-BF4B-00C04F79EFBC}") = "TriangleArea", "TriangleArea\TriangleArea.csproj", "{EAE08920-9585-43FB-94C1-819845CED436}"
EndProject
Project("{FAE04EC0-301F-11D3-BF4B-00C04F79EFBC}") = "CelsiusToFahrenheit", "CelsiusToFahrenheit\CelsiusToFahrenheit.csproj", "{C88C9CDF-6870-4306-8E16-01D7BC2E4938}"
EndProject
Project("{FAE04EC0-301F-11D3-BF4B-00C04F79EFBC}") = "RadiansToDegrees", "RadiansToDegrees\RadiansToDegrees.csproj", "{33CEED0A-469D-4366-B5F7-29BD7C096A89}"
EndProject
Project("{FAE04EC0-301F-11D3-BF4B-00C04F79EFBC}") = "USDtoBGN", "USDtoBGN\USDtoBGN.csproj", "{D5075561-2686-4803-9A97-CA07D8EBEB7B}"
EndProject
Project("{FAE04EC0-301F-11D3-BF4B-00C04F79EFBC}") = "CurrencyConverter", "CurrencyConverter\CurrencyConverter.csproj", "{0F9DBC30-45E8-496F-9C6C-D5A57744AE6F}"
EndProject
Global
	GlobalSection(SolutionConfigurationPlatforms) = preSolution
		Debug|Any CPU = Debug|Any CPU
		Release|Any CPU = Release|Any CPU
	EndGlobalSection
	GlobalSection(ProjectConfigurationPlatforms) = postSolution
		{E8AA8C9E-0152-4640-BEE5-5F8B63F13679}.Debug|Any CPU.ActiveCfg = Debug|Any CPU
		{E8AA8C9E-0152-4640-BEE5-5F8B63F13679}.Debug|Any CPU.Build.0 = Debug|Any CPU
		{E8AA8C9E-0152-4640-BEE5-5F8B63F13679}.Release|Any CPU.ActiveCfg = Release|Any CPU
		{E8AA8C9E-0152-4640-BEE5-5F8B63F13679}.Release|Any CPU.Build.0 = Release|Any CPU
		{9DE283D2-BF9D-4D4D-A168-ED4D59DCA1C1}.Debug|Any CPU.ActiveCfg = Debug|Any CPU
		{9DE283D2-BF9D-4D4D-A168-ED4D59DCA1C1}.Debug|Any CPU.Build.0 = Debug|Any CPU
		{9DE283D2-BF9D-4D4D-A168-ED4D59DCA1C1}.Release|Any CPU.ActiveCfg = Release|Any CPU
		{9DE283D2-BF9D-4D4D-A168-ED4D59DCA1C1}.Release|Any CPU.Build.0 = Release|Any CPU
		{2BA1F3F0-BB3C-416F-83CA-4A3DBCFFFAC3}.Debug|Any CPU.ActiveCfg = Debug|Any CPU
		{2BA1F3F0-BB3C-416F-83CA-4A3DBCFFFAC3}.Debug|Any CPU.Build.0 = Debug|Any CPU
		{2BA1F3F0-BB3C-416F-83CA-4A3DBCFFFAC3}.Release|Any CPU.ActiveCfg = Release|Any CPU
		{2BA1F3F0-BB3C-416F-83CA-4A3DBCFFFAC3}.Release|Any CPU.Build.0 = Release|Any CPU
		{0F2614D4-CE9B-4667-9A47-B1612BA81876}.Debug|Any CPU.ActiveCfg = Debug|Any CPU
		{0F2614D4-CE9B-4667-9A47-B1612BA81876}.Debug|Any CPU.Build.0 = Debug|Any CPU
		{0F2614D4-CE9B-4667-9A47-B1612BA81876}.Release|Any CPU.ActiveCfg = Release|Any CPU
		{0F2614D4-CE9B-4667-9A47-B1612BA81876}.Release|Any CPU.Build.0 = Release|Any CPU
		{9F93B20F-8778-47A3-921F-CA6F94F468ED}.Debug|Any CPU.ActiveCfg = Debug|Any CPU
		{9F93B20F-8778-47A3-921F-CA6F94F468ED}.Debug|Any CPU.Build.0 = Debug|Any CPU
		{9F93B20F-8778-47A3-921F-CA6F94F468ED}.Release|Any CPU.ActiveCfg = Release|Any CPU
		{9F93B20F-8778-47A3-921F-CA6F94F468ED}.Release|Any CPU.Build.0 = Release|Any CPU
		{84178FDE-3FC5-41C3-A3B9-EE7D20E7BF32}.Debug|Any CPU.ActiveCfg = Debug|Any CPU
		{84178FDE-3FC5-41C3-A3B9-EE7D20E7BF32}.Debug|Any CPU.Build.0 = Debug|Any CPU
		{84178FDE-3FC5-41C3-A3B9-EE7D20E7BF32}.Release|Any CPU.ActiveCfg = Release|Any CPU
		{84178FDE-3FC5-41C3-A3B9-EE7D20E7BF32}.Release|Any CPU.Build.0 = Release|Any CPU
		{D47B32B5-402D-4B65-AA1C-B723D32C2F19}.Debug|Any CPU.ActiveCfg = Debug|Any CPU
		{D47B32B5-402D-4B65-AA1C-B723D32C2F19}.Debug|Any CPU.Build.0 = Debug|Any CPU
		{D47B32B5-402D-4B65-AA1C-B723D32C2F19}.Release|Any CPU.ActiveCfg = Release|Any CPU
		{D47B32B5-402D-4B65-AA1C-B723D32C2F19}.Release|Any CPU.Build.0 = Release|Any CPU
		{EAE08920-9585-43FB-94C1-819845CED436}.Debug|Any CPU.ActiveCfg = Debug|Any CPU
		{EAE08920-9585-43FB-94C1-819845CED436}.Debug|Any CPU.Build.0 = Debug|Any CPU
		{EAE08920-9585-43FB-94C1-819845CED436}.Release|Any CPU.ActiveCfg = Release|Any CPU
		{EAE08920-9585-43FB-94C1-819845CED436}.Release|Any CPU.Build.0 = Release|Any CPU
		{C88C9CDF-6870-4306-8E16-01D7BC2E4938}.Debug|Any CPU.ActiveCfg = Debug|Any CPU
		{C88C9CDF-6870-4306-8E16-01D7BC2E4938}.Debug|Any CPU.Build.0 = Debug|Any CPU
		{C88C9CDF-6870-4306-8E16-01D7BC2E4938}.Release|Any CPU.ActiveCfg = Release|Any CPU
		{C88C9CDF-6870-4306-8E16-01D7BC2E4938}.Release|Any CPU.Build.0 = Release|Any CPU
		{33CEED0A-469D-4366-B5F7-29BD7C096A89}.Debug|Any CPU.ActiveCfg = Debug|Any CPU
		{33CEED0A-469D-4366-B5F7-29BD7C096A89}.Debug|Any CPU.Build.0 = Debug|Any CPU
		{33CEED0A-469D-4366-B5F7-29BD7C096A89}.Release|Any CPU.ActiveCfg = Release|Any CPU
		{33CEED0A-469D-4366-B5F7-29BD7C096A89}.Release|Any CPU.Build.0 = Release|Any CPU
		{D5075561-2686-4803-9A97-CA07D8EBEB7B}.Debug|Any CPU.ActiveCfg = Debug|Any CPU
		{D5075561-2686-4803-9A97-CA07D8EBEB7B}.Debug|Any CPU.Build.0 = Debug|Any CPU
		{D5075561-2686-4803-9A97-CA07D8EBEB7B}.Release|Any CPU.ActiveCfg = Release|Any CPU
		{D5075561-2686-4803-9A97-CA07D8EBEB7B}.Release|Any CPU.Build.0 = Release|Any CPU
		{0F9DBC30-45E8-496F-9C6C-D5A57744AE6F}.Debug|Any CPU.ActiveCfg = Debug|Any CPU
		{0F9DBC30-45E8-496F-9C6C-D5A57744AE6F}.Debug|Any CPU.Build.0 = Debug|Any CPU
		{0F9DBC30-45E8-496F-9C6C-D5A57744AE6F}.Release|Any CPU.ActiveCfg = Release|Any CPU
		{0F9DBC30-45E8-496F-9C6C-D5A57744AE6F}.Release|Any CPU.Build.0 = Release|Any CPU
	EndGlobalSection
	GlobalSection(SolutionProperties) = preSolution
		HideSolutionNode = FALSE
	EndGlobalSection
EndGlobal
