
Microsoft Visual Studio Solution File, Format Version 12.00
# Visual Studio 15
VisualStudioVersion = 15.0.27130.2027
MinimumVisualStudioVersion = 10.0.40219.1
Project("{9A19103F-16F7-4668-BE54-9A1E7A4F7556}") = "CodeFirstDemoApp", "CodeFirstDemoApp\CodeFirstDemoApp.csproj", "{5830D36A-16C0-4168-A556-FFD13C4CFE96}"
EndProject
Project("{9A19103F-16F7-4668-BE54-9A1E7A4F7556}") = "NewAwesomeHotelD", "NewAwesomeHotelDB\NewAwesomeHotelD.csproj", "{60D61390-ED2C-4697-89BD-F50FF338580C}"
EndProject
Project("{FAE04EC0-301F-11D3-BF4B-00C04F79EFBC}") = "P01_HospitalDatabase", "Hospital\P01_HospitalDatabase.csproj", "{FD878B8C-F2FF-4656-AB42-4D344C6CDB8D}"
EndProject
Global
	GlobalSection(SolutionConfigurationPlatforms) = preSolution
		Debug|Any CPU = Debug|Any CPU
		Release|Any CPU = Release|Any CPU
	EndGlobalSection
	GlobalSection(ProjectConfigurationPlatforms) = postSolution
		{5830D36A-16C0-4168-A556-FFD13C4CFE96}.Debug|Any CPU.ActiveCfg = Debug|Any CPU
		{5830D36A-16C0-4168-A556-FFD13C4CFE96}.Debug|Any CPU.Build.0 = Debug|Any CPU
		{5830D36A-16C0-4168-A556-FFD13C4CFE96}.Release|Any CPU.ActiveCfg = Release|Any CPU
		{5830D36A-16C0-4168-A556-FFD13C4CFE96}.Release|Any CPU.Build.0 = Release|Any CPU
		{60D61390-ED2C-4697-89BD-F50FF338580C}.Debug|Any CPU.ActiveCfg = Debug|Any CPU
		{60D61390-ED2C-4697-89BD-F50FF338580C}.Debug|Any CPU.Build.0 = Debug|Any CPU
		{60D61390-ED2C-4697-89BD-F50FF338580C}.Release|Any CPU.ActiveCfg = Release|Any CPU
		{60D61390-ED2C-4697-89BD-F50FF338580C}.Release|Any CPU.Build.0 = Release|Any CPU
		{FD878B8C-F2FF-4656-AB42-4D344C6CDB8D}.Debug|Any CPU.ActiveCfg = Debug|Any CPU
		{FD878B8C-F2FF-4656-AB42-4D344C6CDB8D}.Debug|Any CPU.Build.0 = Debug|Any CPU
		{FD878B8C-F2FF-4656-AB42-4D344C6CDB8D}.Release|Any CPU.ActiveCfg = Release|Any CPU
		{FD878B8C-F2FF-4656-AB42-4D344C6CDB8D}.Release|Any CPU.Build.0 = Release|Any CPU
	EndGlobalSection
	GlobalSection(SolutionProperties) = preSolution
		HideSolutionNode = FALSE
	EndGlobalSection
	GlobalSection(ExtensibilityGlobals) = postSolution
		SolutionGuid = {E0BA8F0D-5EC3-4557-8B59-4819C8188C37}
	EndGlobalSection
EndGlobal
