
Microsoft Visual Studio Solution File, Format Version 12.00
# Visual Studio 15
VisualStudioVersion = 15.0.28010.2050
MinimumVisualStudioVersion = 10.0.40219.1
Project("{FAE04EC0-301F-11D3-BF4B-00C04F79EFBC}") = "Panda.Web", "Panda.Web\Panda.Web.csproj", "{198D64E1-953E-406A-A34B-B80D40522CA2}"
EndProject
Project("{FAE04EC0-301F-11D3-BF4B-00C04F79EFBC}") = "Panda.Data", "Panda.Data\Panda.Data.csproj", "{86300485-3365-4732-9298-A5AC28887804}"
EndProject
Project("{FAE04EC0-301F-11D3-BF4B-00C04F79EFBC}") = "Panda.Models", "Panda.Models\Panda.Models.csproj", "{A2E097FC-09E1-4828-A195-F43E8E9EEE47}"
EndProject
Global
	GlobalSection(SolutionConfigurationPlatforms) = preSolution
		Debug|Any CPU = Debug|Any CPU
		Release|Any CPU = Release|Any CPU
	EndGlobalSection
	GlobalSection(ProjectConfigurationPlatforms) = postSolution
		{198D64E1-953E-406A-A34B-B80D40522CA2}.Debug|Any CPU.ActiveCfg = Debug|Any CPU
		{198D64E1-953E-406A-A34B-B80D40522CA2}.Debug|Any CPU.Build.0 = Debug|Any CPU
		{198D64E1-953E-406A-A34B-B80D40522CA2}.Release|Any CPU.ActiveCfg = Release|Any CPU
		{198D64E1-953E-406A-A34B-B80D40522CA2}.Release|Any CPU.Build.0 = Release|Any CPU
		{86300485-3365-4732-9298-A5AC28887804}.Debug|Any CPU.ActiveCfg = Debug|Any CPU
		{86300485-3365-4732-9298-A5AC28887804}.Debug|Any CPU.Build.0 = Debug|Any CPU
		{86300485-3365-4732-9298-A5AC28887804}.Release|Any CPU.ActiveCfg = Release|Any CPU
		{86300485-3365-4732-9298-A5AC28887804}.Release|Any CPU.Build.0 = Release|Any CPU
		{A2E097FC-09E1-4828-A195-F43E8E9EEE47}.Debug|Any CPU.ActiveCfg = Debug|Any CPU
		{A2E097FC-09E1-4828-A195-F43E8E9EEE47}.Debug|Any CPU.Build.0 = Debug|Any CPU
		{A2E097FC-09E1-4828-A195-F43E8E9EEE47}.Release|Any CPU.ActiveCfg = Release|Any CPU
		{A2E097FC-09E1-4828-A195-F43E8E9EEE47}.Release|Any CPU.Build.0 = Release|Any CPU
	EndGlobalSection
	GlobalSection(SolutionProperties) = preSolution
		HideSolutionNode = FALSE
	EndGlobalSection
	GlobalSection(ExtensibilityGlobals) = postSolution
		SolutionGuid = {4B1C8853-236B-4EE4-913B-4907A2E4A0EC}
	EndGlobalSection
EndGlobal
