
Microsoft Visual Studio Solution File, Format Version 12.00
# Visual Studio 15
VisualStudioVersion = 15.0.27130.2027
MinimumVisualStudioVersion = 10.0.40219.1
Project("{9A19103F-16F7-4668-BE54-9A1E7A4F7556}") = "EvenNumbers", "EvenNumbers\EvenNumbers.csproj", "{A3BD36E2-D2C8-4135-ADBF-3B57DF7BDC1A}"
EndProject
Project("{9A19103F-16F7-4668-BE54-9A1E7A4F7556}") = "SliceFile", "SliceFile\SliceFile.csproj", "{6CCDF5CE-868A-4038-A174-A0B31C439DC0}"
EndProject
Project("{FAE04EC0-301F-11D3-BF4B-00C04F79EFBC}") = "SimpleWebServer", "SimpleWebServer\SimpleWebServer.csproj", "{111BE2BD-6D9F-43E1-80B7-FE186BD1E455}"
EndProject
Global
	GlobalSection(SolutionConfigurationPlatforms) = preSolution
		Debug|Any CPU = Debug|Any CPU
		Release|Any CPU = Release|Any CPU
	EndGlobalSection
	GlobalSection(ProjectConfigurationPlatforms) = postSolution
		{A3BD36E2-D2C8-4135-ADBF-3B57DF7BDC1A}.Debug|Any CPU.ActiveCfg = Debug|Any CPU
		{A3BD36E2-D2C8-4135-ADBF-3B57DF7BDC1A}.Debug|Any CPU.Build.0 = Debug|Any CPU
		{A3BD36E2-D2C8-4135-ADBF-3B57DF7BDC1A}.Release|Any CPU.ActiveCfg = Release|Any CPU
		{A3BD36E2-D2C8-4135-ADBF-3B57DF7BDC1A}.Release|Any CPU.Build.0 = Release|Any CPU
		{6CCDF5CE-868A-4038-A174-A0B31C439DC0}.Debug|Any CPU.ActiveCfg = Debug|Any CPU
		{6CCDF5CE-868A-4038-A174-A0B31C439DC0}.Debug|Any CPU.Build.0 = Debug|Any CPU
		{6CCDF5CE-868A-4038-A174-A0B31C439DC0}.Release|Any CPU.ActiveCfg = Release|Any CPU
		{6CCDF5CE-868A-4038-A174-A0B31C439DC0}.Release|Any CPU.Build.0 = Release|Any CPU
		{111BE2BD-6D9F-43E1-80B7-FE186BD1E455}.Debug|Any CPU.ActiveCfg = Debug|Any CPU
		{111BE2BD-6D9F-43E1-80B7-FE186BD1E455}.Debug|Any CPU.Build.0 = Debug|Any CPU
		{111BE2BD-6D9F-43E1-80B7-FE186BD1E455}.Release|Any CPU.ActiveCfg = Release|Any CPU
		{111BE2BD-6D9F-43E1-80B7-FE186BD1E455}.Release|Any CPU.Build.0 = Release|Any CPU
	EndGlobalSection
	GlobalSection(SolutionProperties) = preSolution
		HideSolutionNode = FALSE
	EndGlobalSection
	GlobalSection(ExtensibilityGlobals) = postSolution
		SolutionGuid = {525F1FD2-A8C0-4296-8D74-ED061C917B65}
	EndGlobalSection
EndGlobal
