
Microsoft Visual Studio Solution File, Format Version 12.00
# Visual Studio 15
VisualStudioVersion = 15.0.26730.16
MinimumVisualStudioVersion = 10.0.40219.1
Project("{FAE04EC0-301F-11D3-BF4B-00C04F79EFBC}") = "FixEmails", "FixEmails\FixEmails.csproj", "{D750D4DE-C381-4A1C-A174-666BF9D4031D}"
EndProject
Global
	GlobalSection(SolutionConfigurationPlatforms) = preSolution
		Debug|Any CPU = Debug|Any CPU
		Release|Any CPU = Release|Any CPU
	EndGlobalSection
	GlobalSection(ProjectConfigurationPlatforms) = postSolution
		{D750D4DE-C381-4A1C-A174-666BF9D4031D}.Debug|Any CPU.ActiveCfg = Debug|Any CPU
		{D750D4DE-C381-4A1C-A174-666BF9D4031D}.Debug|Any CPU.Build.0 = Debug|Any CPU
		{D750D4DE-C381-4A1C-A174-666BF9D4031D}.Release|Any CPU.ActiveCfg = Release|Any CPU
		{D750D4DE-C381-4A1C-A174-666BF9D4031D}.Release|Any CPU.Build.0 = Release|Any CPU
	EndGlobalSection
	GlobalSection(SolutionProperties) = preSolution
		HideSolutionNode = FALSE
	EndGlobalSection
	GlobalSection(ExtensibilityGlobals) = postSolution
		SolutionGuid = {BD0214F4-B8E8-4551-9546-3013B395D7FC}
	EndGlobalSection
EndGlobal
