
Microsoft Visual Studio Solution File, Format Version 12.00
# Visual Studio 15
VisualStudioVersion = 15.0.27130.2027
MinimumVisualStudioVersion = 10.0.40219.1
Project("{FAE04EC0-301F-11D3-BF4B-00C04F79EFBC}") = "AwesomeDemoDB", "AwesomeDemoDB\AwesomeDemoDB.csproj", "{8FC24E18-B14F-4DDD-9C1F-660C6691C3CF}"
EndProject
Project("{FAE04EC0-301F-11D3-BF4B-00C04F79EFBC}") = "P02_DatabaseFirst", "ExerciseSoftUniDB\P02_DatabaseFirst.csproj", "{A1F9E32A-F62E-4D1B-8FC4-3C6645FF5658}"
EndProject
Global
	GlobalSection(SolutionConfigurationPlatforms) = preSolution
		Debug|Any CPU = Debug|Any CPU
		Release|Any CPU = Release|Any CPU
	EndGlobalSection
	GlobalSection(ProjectConfigurationPlatforms) = postSolution
		{8FC24E18-B14F-4DDD-9C1F-660C6691C3CF}.Debug|Any CPU.ActiveCfg = Debug|Any CPU
		{8FC24E18-B14F-4DDD-9C1F-660C6691C3CF}.Debug|Any CPU.Build.0 = Debug|Any CPU
		{8FC24E18-B14F-4DDD-9C1F-660C6691C3CF}.Release|Any CPU.ActiveCfg = Release|Any CPU
		{8FC24E18-B14F-4DDD-9C1F-660C6691C3CF}.Release|Any CPU.Build.0 = Release|Any CPU
		{A1F9E32A-F62E-4D1B-8FC4-3C6645FF5658}.Debug|Any CPU.ActiveCfg = Debug|Any CPU
		{A1F9E32A-F62E-4D1B-8FC4-3C6645FF5658}.Debug|Any CPU.Build.0 = Debug|Any CPU
		{A1F9E32A-F62E-4D1B-8FC4-3C6645FF5658}.Release|Any CPU.ActiveCfg = Release|Any CPU
		{A1F9E32A-F62E-4D1B-8FC4-3C6645FF5658}.Release|Any CPU.Build.0 = Release|Any CPU
	EndGlobalSection
	GlobalSection(SolutionProperties) = preSolution
		HideSolutionNode = FALSE
	EndGlobalSection
	GlobalSection(ExtensibilityGlobals) = postSolution
		SolutionGuid = {630F4BF4-2D80-42FA-A21B-C352E7CF3DDD}
	EndGlobalSection
EndGlobal
