
Microsoft Visual Studio Solution File, Format Version 12.00
# Visual Studio 15
VisualStudioVersion = 15.0.27130.2027
MinimumVisualStudioVersion = 10.0.40219.1
Project("{FAE04EC0-301F-11D3-BF4B-00C04F79EFBC}") = "RhombusOfStars", "RhombusOfStars\RhombusOfStars.csproj", "{6E8CA22D-B4F1-48A3-8C5C-149FED23020A}"
EndProject
Project("{FAE04EC0-301F-11D3-BF4B-00C04F79EFBC}") = "PointInRectangle", "PointInRectangle\PointInRectangle.csproj", "{9505DBE9-5E7C-44CB-8067-EF1F29216943}"
EndProject
Project("{FAE04EC0-301F-11D3-BF4B-00C04F79EFBC}") = "StudentSystem", "StudentSystem\StudentSystem.csproj", "{308FD1A2-10CC-4DF3-B222-B657094A65DE}"
EndProject
Global
	GlobalSection(SolutionConfigurationPlatforms) = preSolution
		Debug|Any CPU = Debug|Any CPU
		Release|Any CPU = Release|Any CPU
	EndGlobalSection
	GlobalSection(ProjectConfigurationPlatforms) = postSolution
		{6E8CA22D-B4F1-48A3-8C5C-149FED23020A}.Debug|Any CPU.ActiveCfg = Debug|Any CPU
		{6E8CA22D-B4F1-48A3-8C5C-149FED23020A}.Debug|Any CPU.Build.0 = Debug|Any CPU
		{6E8CA22D-B4F1-48A3-8C5C-149FED23020A}.Release|Any CPU.ActiveCfg = Release|Any CPU
		{6E8CA22D-B4F1-48A3-8C5C-149FED23020A}.Release|Any CPU.Build.0 = Release|Any CPU
		{9505DBE9-5E7C-44CB-8067-EF1F29216943}.Debug|Any CPU.ActiveCfg = Debug|Any CPU
		{9505DBE9-5E7C-44CB-8067-EF1F29216943}.Debug|Any CPU.Build.0 = Debug|Any CPU
		{9505DBE9-5E7C-44CB-8067-EF1F29216943}.Release|Any CPU.ActiveCfg = Release|Any CPU
		{9505DBE9-5E7C-44CB-8067-EF1F29216943}.Release|Any CPU.Build.0 = Release|Any CPU
		{308FD1A2-10CC-4DF3-B222-B657094A65DE}.Debug|Any CPU.ActiveCfg = Debug|Any CPU
		{308FD1A2-10CC-4DF3-B222-B657094A65DE}.Debug|Any CPU.Build.0 = Debug|Any CPU
		{308FD1A2-10CC-4DF3-B222-B657094A65DE}.Release|Any CPU.ActiveCfg = Release|Any CPU
		{308FD1A2-10CC-4DF3-B222-B657094A65DE}.Release|Any CPU.Build.0 = Release|Any CPU
	EndGlobalSection
	GlobalSection(SolutionProperties) = preSolution
		HideSolutionNode = FALSE
	EndGlobalSection
	GlobalSection(ExtensibilityGlobals) = postSolution
		SolutionGuid = {30F331AF-F892-4251-897A-B2774E9C396E}
	EndGlobalSection
EndGlobal
