
Microsoft Visual Studio Solution File, Format Version 12.00
# Visual Studio 15
VisualStudioVersion = 15.0.27130.2027
MinimumVisualStudioVersion = 10.0.40219.1
Project("{FAE04EC0-301F-11D3-BF4B-00C04F79EFBC}") = "InitialSetup", "InitialSetup\InitialSetup.csproj", "{BCEF1DD8-7FB2-47DC-B8FC-ABF22B916767}"
EndProject
Project("{FAE04EC0-301F-11D3-BF4B-00C04F79EFBC}") = "VillainNames", "VillainNames\VillainNames.csproj", "{2000079E-8BF6-4032-A93E-62CBC1D4ABE0}"
EndProject
Project("{FAE04EC0-301F-11D3-BF4B-00C04F79EFBC}") = "MinionNames", "MinionNames\MinionNames.csproj", "{75D61222-DEB1-4197-9A2A-99BE36CAB15B}"
EndProject
Project("{FAE04EC0-301F-11D3-BF4B-00C04F79EFBC}") = "AddMinion", "AddMinion\AddMinion.csproj", "{6A16E755-4904-4A8F-979B-4D96250D6E30}"
EndProject
Project("{FAE04EC0-301F-11D3-BF4B-00C04F79EFBC}") = "ChangeTownNamesCasing", "ChangeTownNamesCasing\ChangeTownNamesCasing.csproj", "{CCFC39F7-B2E6-4B85-81D9-27E7EF6D325D}"
EndProject
Project("{FAE04EC0-301F-11D3-BF4B-00C04F79EFBC}") = "RemoveVillain", "RemoveVillain\RemoveVillain.csproj", "{7884CF87-9ED3-4E10-85BA-8F251F5443F1}"
EndProject
Project("{FAE04EC0-301F-11D3-BF4B-00C04F79EFBC}") = "IncreaseMinionAge", "IncreaseMinionAge\IncreaseMinionAge.csproj", "{12F12425-1D86-4E1C-AE3F-C758093EF68A}"
EndProject
Project("{FAE04EC0-301F-11D3-BF4B-00C04F79EFBC}") = "IncreaseAgeStoredProcedure", "IncreaseAgeStoredProcedure\IncreaseAgeStoredProcedure.csproj", "{F92D088C-0A9F-44EA-A6CB-3BEB65E2B981}"
EndProject
Global
	GlobalSection(SolutionConfigurationPlatforms) = preSolution
		Debug|Any CPU = Debug|Any CPU
		Release|Any CPU = Release|Any CPU
	EndGlobalSection
	GlobalSection(ProjectConfigurationPlatforms) = postSolution
		{BCEF1DD8-7FB2-47DC-B8FC-ABF22B916767}.Debug|Any CPU.ActiveCfg = Debug|Any CPU
		{BCEF1DD8-7FB2-47DC-B8FC-ABF22B916767}.Debug|Any CPU.Build.0 = Debug|Any CPU
		{BCEF1DD8-7FB2-47DC-B8FC-ABF22B916767}.Release|Any CPU.ActiveCfg = Release|Any CPU
		{BCEF1DD8-7FB2-47DC-B8FC-ABF22B916767}.Release|Any CPU.Build.0 = Release|Any CPU
		{2000079E-8BF6-4032-A93E-62CBC1D4ABE0}.Debug|Any CPU.ActiveCfg = Debug|Any CPU
		{2000079E-8BF6-4032-A93E-62CBC1D4ABE0}.Debug|Any CPU.Build.0 = Debug|Any CPU
		{2000079E-8BF6-4032-A93E-62CBC1D4ABE0}.Release|Any CPU.ActiveCfg = Release|Any CPU
		{2000079E-8BF6-4032-A93E-62CBC1D4ABE0}.Release|Any CPU.Build.0 = Release|Any CPU
		{75D61222-DEB1-4197-9A2A-99BE36CAB15B}.Debug|Any CPU.ActiveCfg = Debug|Any CPU
		{75D61222-DEB1-4197-9A2A-99BE36CAB15B}.Debug|Any CPU.Build.0 = Debug|Any CPU
		{75D61222-DEB1-4197-9A2A-99BE36CAB15B}.Release|Any CPU.ActiveCfg = Release|Any CPU
		{75D61222-DEB1-4197-9A2A-99BE36CAB15B}.Release|Any CPU.Build.0 = Release|Any CPU
		{6A16E755-4904-4A8F-979B-4D96250D6E30}.Debug|Any CPU.ActiveCfg = Debug|Any CPU
		{6A16E755-4904-4A8F-979B-4D96250D6E30}.Debug|Any CPU.Build.0 = Debug|Any CPU
		{6A16E755-4904-4A8F-979B-4D96250D6E30}.Release|Any CPU.ActiveCfg = Release|Any CPU
		{6A16E755-4904-4A8F-979B-4D96250D6E30}.Release|Any CPU.Build.0 = Release|Any CPU
		{CCFC39F7-B2E6-4B85-81D9-27E7EF6D325D}.Debug|Any CPU.ActiveCfg = Debug|Any CPU
		{CCFC39F7-B2E6-4B85-81D9-27E7EF6D325D}.Debug|Any CPU.Build.0 = Debug|Any CPU
		{CCFC39F7-B2E6-4B85-81D9-27E7EF6D325D}.Release|Any CPU.ActiveCfg = Release|Any CPU
		{CCFC39F7-B2E6-4B85-81D9-27E7EF6D325D}.Release|Any CPU.Build.0 = Release|Any CPU
		{7884CF87-9ED3-4E10-85BA-8F251F5443F1}.Debug|Any CPU.ActiveCfg = Debug|Any CPU
		{7884CF87-9ED3-4E10-85BA-8F251F5443F1}.Debug|Any CPU.Build.0 = Debug|Any CPU
		{7884CF87-9ED3-4E10-85BA-8F251F5443F1}.Release|Any CPU.ActiveCfg = Release|Any CPU
		{7884CF87-9ED3-4E10-85BA-8F251F5443F1}.Release|Any CPU.Build.0 = Release|Any CPU
		{12F12425-1D86-4E1C-AE3F-C758093EF68A}.Debug|Any CPU.ActiveCfg = Debug|Any CPU
		{12F12425-1D86-4E1C-AE3F-C758093EF68A}.Debug|Any CPU.Build.0 = Debug|Any CPU
		{12F12425-1D86-4E1C-AE3F-C758093EF68A}.Release|Any CPU.ActiveCfg = Release|Any CPU
		{12F12425-1D86-4E1C-AE3F-C758093EF68A}.Release|Any CPU.Build.0 = Release|Any CPU
		{F92D088C-0A9F-44EA-A6CB-3BEB65E2B981}.Debug|Any CPU.ActiveCfg = Debug|Any CPU
		{F92D088C-0A9F-44EA-A6CB-3BEB65E2B981}.Debug|Any CPU.Build.0 = Debug|Any CPU
		{F92D088C-0A9F-44EA-A6CB-3BEB65E2B981}.Release|Any CPU.ActiveCfg = Release|Any CPU
		{F92D088C-0A9F-44EA-A6CB-3BEB65E2B981}.Release|Any CPU.Build.0 = Release|Any CPU
	EndGlobalSection
	GlobalSection(SolutionProperties) = preSolution
		HideSolutionNode = FALSE
	EndGlobalSection
	GlobalSection(ExtensibilityGlobals) = postSolution
		SolutionGuid = {5017519A-C763-425C-9117-890E306064A6}
	EndGlobalSection
EndGlobal
