
Microsoft Visual Studio Solution File, Format Version 12.00
# Visual Studio 15
VisualStudioVersion = 15.0.27130.2027
MinimumVisualStudioVersion = 10.0.40219.1
Project("{FAE04EC0-301F-11D3-BF4B-00C04F79EFBC}") = "P03_SalesDatabase", "P03_SalesDatabase\P03_SalesDatabase.csproj", "{5EEE38D5-AC75-4E96-A256-EA794F47CFE2}"
EndProject
Project("{FAE04EC0-301F-11D3-BF4B-00C04F79EFBC}") = "P03_SalesDatabase.Data.Models", "P03_SalesDatabase.Data.Models\P03_SalesDatabase.Data.Models.csproj", "{FDD14645-E257-42AB-A854-CFE8EB80D955}"
EndProject
Project("{FAE04EC0-301F-11D3-BF4B-00C04F79EFBC}") = "P03_SalesDatabase.Data", "P03_SalesDatabase.Data\P03_SalesDatabase.Data.csproj", "{E10B41F5-2774-4E2D-ACBC-1CC6EEC53B75}"
EndProject
Global
	GlobalSection(SolutionConfigurationPlatforms) = preSolution
		Debug|Any CPU = Debug|Any CPU
		Release|Any CPU = Release|Any CPU
	EndGlobalSection
	GlobalSection(ProjectConfigurationPlatforms) = postSolution
		{5EEE38D5-AC75-4E96-A256-EA794F47CFE2}.Debug|Any CPU.ActiveCfg = Debug|Any CPU
		{5EEE38D5-AC75-4E96-A256-EA794F47CFE2}.Debug|Any CPU.Build.0 = Debug|Any CPU
		{5EEE38D5-AC75-4E96-A256-EA794F47CFE2}.Release|Any CPU.ActiveCfg = Release|Any CPU
		{5EEE38D5-AC75-4E96-A256-EA794F47CFE2}.Release|Any CPU.Build.0 = Release|Any CPU
		{FDD14645-E257-42AB-A854-CFE8EB80D955}.Debug|Any CPU.ActiveCfg = Debug|Any CPU
		{FDD14645-E257-42AB-A854-CFE8EB80D955}.Debug|Any CPU.Build.0 = Debug|Any CPU
		{FDD14645-E257-42AB-A854-CFE8EB80D955}.Release|Any CPU.ActiveCfg = Release|Any CPU
		{FDD14645-E257-42AB-A854-CFE8EB80D955}.Release|Any CPU.Build.0 = Release|Any CPU
		{E10B41F5-2774-4E2D-ACBC-1CC6EEC53B75}.Debug|Any CPU.ActiveCfg = Debug|Any CPU
		{E10B41F5-2774-4E2D-ACBC-1CC6EEC53B75}.Debug|Any CPU.Build.0 = Debug|Any CPU
		{E10B41F5-2774-4E2D-ACBC-1CC6EEC53B75}.Release|Any CPU.ActiveCfg = Release|Any CPU
		{E10B41F5-2774-4E2D-ACBC-1CC6EEC53B75}.Release|Any CPU.Build.0 = Release|Any CPU
	EndGlobalSection
	GlobalSection(SolutionProperties) = preSolution
		HideSolutionNode = FALSE
	EndGlobalSection
	GlobalSection(ExtensibilityGlobals) = postSolution
		SolutionGuid = {8D05B772-C333-4C9D-907F-234A7AAA8B5B}
	EndGlobalSection
EndGlobal
