
Microsoft Visual Studio Solution File, Format Version 12.00
# Visual Studio 15
VisualStudioVersion = 15.0.28010.2050
MinimumVisualStudioVersion = 10.0.40219.1
Project("{9A19103F-16F7-4668-BE54-9A1E7A4F7556}") = "Eventures.Web", "Eventures.Web\Eventures.Web.csproj", "{2C4C449F-95F4-44E5-9DA9-DA29CEE1C876}"
EndProject
Project("{9A19103F-16F7-4668-BE54-9A1E7A4F7556}") = "Eventures.Data", "Eventures.Data\Eventures.Data.csproj", "{AB06F876-A87B-4DC1-A506-EB65457D6032}"
EndProject
Project("{9A19103F-16F7-4668-BE54-9A1E7A4F7556}") = "Eventures.Models", "Eventures.Models\Eventures.Models.csproj", "{13EB5E80-6995-4D50-8578-532208966A4D}"
EndProject
Global
	GlobalSection(SolutionConfigurationPlatforms) = preSolution
		Debug|Any CPU = Debug|Any CPU
		Release|Any CPU = Release|Any CPU
	EndGlobalSection
	GlobalSection(ProjectConfigurationPlatforms) = postSolution
		{2C4C449F-95F4-44E5-9DA9-DA29CEE1C876}.Debug|Any CPU.ActiveCfg = Debug|Any CPU
		{2C4C449F-95F4-44E5-9DA9-DA29CEE1C876}.Debug|Any CPU.Build.0 = Debug|Any CPU
		{2C4C449F-95F4-44E5-9DA9-DA29CEE1C876}.Release|Any CPU.ActiveCfg = Release|Any CPU
		{2C4C449F-95F4-44E5-9DA9-DA29CEE1C876}.Release|Any CPU.Build.0 = Release|Any CPU
		{AB06F876-A87B-4DC1-A506-EB65457D6032}.Debug|Any CPU.ActiveCfg = Debug|Any CPU
		{AB06F876-A87B-4DC1-A506-EB65457D6032}.Debug|Any CPU.Build.0 = Debug|Any CPU
		{AB06F876-A87B-4DC1-A506-EB65457D6032}.Release|Any CPU.ActiveCfg = Release|Any CPU
		{AB06F876-A87B-4DC1-A506-EB65457D6032}.Release|Any CPU.Build.0 = Release|Any CPU
		{13EB5E80-6995-4D50-8578-532208966A4D}.Debug|Any CPU.ActiveCfg = Debug|Any CPU
		{13EB5E80-6995-4D50-8578-532208966A4D}.Debug|Any CPU.Build.0 = Debug|Any CPU
		{13EB5E80-6995-4D50-8578-532208966A4D}.Release|Any CPU.ActiveCfg = Release|Any CPU
		{13EB5E80-6995-4D50-8578-532208966A4D}.Release|Any CPU.Build.0 = Release|Any CPU
	EndGlobalSection
	GlobalSection(SolutionProperties) = preSolution
		HideSolutionNode = FALSE
	EndGlobalSection
	GlobalSection(ExtensibilityGlobals) = postSolution
		SolutionGuid = {85F4F74E-E5A9-403D-B15F-13347D8B2573}
	EndGlobalSection
EndGlobal
