
Microsoft Visual Studio Solution File, Format Version 12.00
# Visual Studio 15
VisualStudioVersion = 15.0.26430.14
MinimumVisualStudioVersion = 10.0.40219.1
Project("{FAE04EC0-301F-11D3-BF4B-00C04F79EFBC}") = "TailoringWorkshop", "TailoringWorkshop\TailoringWorkshop.csproj", "{AC550637-D9AD-4335-81EE-DCCABE61F5EE}"
EndProject
Project("{FAE04EC0-301F-11D3-BF4B-00C04F79EFBC}") = "Scholarship", "Scholarship\Scholarship.csproj", "{77413B2F-7ACE-47B5-9732-CD44D1FBCF3A}"
EndProject
Project("{FAE04EC0-301F-11D3-BF4B-00C04F79EFBC}") = "PhotoPictures", "PhotoPictures\PhotoPictures.csproj", "{DB296F44-DFDE-40C4-B587-11DA28213EAB}"
EndProject
Project("{FAE04EC0-301F-11D3-BF4B-00C04F79EFBC}") = "Cake", "Cake\Cake.csproj", "{E4AE02F5-20EA-4E10-A2A6-B437617EF57C}"
EndProject
Project("{FAE04EC0-301F-11D3-BF4B-00C04F79EFBC}") = "Snowflake", "Snowflake\Snowflake.csproj", "{1EC3F2A2-D1F1-41C7-8D3A-CB9767211D71}"
EndProject
Project("{FAE04EC0-301F-11D3-BF4B-00C04F79EFBC}") = "Profit", "Profit\Profit.csproj", "{EAC1E965-FDB7-4898-8995-B54A4384FD04}"
EndProject
Global
	GlobalSection(SolutionConfigurationPlatforms) = preSolution
		Debug|Any CPU = Debug|Any CPU
		Release|Any CPU = Release|Any CPU
	EndGlobalSection
	GlobalSection(ProjectConfigurationPlatforms) = postSolution
		{AC550637-D9AD-4335-81EE-DCCABE61F5EE}.Debug|Any CPU.ActiveCfg = Debug|Any CPU
		{AC550637-D9AD-4335-81EE-DCCABE61F5EE}.Debug|Any CPU.Build.0 = Debug|Any CPU
		{AC550637-D9AD-4335-81EE-DCCABE61F5EE}.Release|Any CPU.ActiveCfg = Release|Any CPU
		{AC550637-D9AD-4335-81EE-DCCABE61F5EE}.Release|Any CPU.Build.0 = Release|Any CPU
		{77413B2F-7ACE-47B5-9732-CD44D1FBCF3A}.Debug|Any CPU.ActiveCfg = Debug|Any CPU
		{77413B2F-7ACE-47B5-9732-CD44D1FBCF3A}.Debug|Any CPU.Build.0 = Debug|Any CPU
		{77413B2F-7ACE-47B5-9732-CD44D1FBCF3A}.Release|Any CPU.ActiveCfg = Release|Any CPU
		{77413B2F-7ACE-47B5-9732-CD44D1FBCF3A}.Release|Any CPU.Build.0 = Release|Any CPU
		{DB296F44-DFDE-40C4-B587-11DA28213EAB}.Debug|Any CPU.ActiveCfg = Debug|Any CPU
		{DB296F44-DFDE-40C4-B587-11DA28213EAB}.Debug|Any CPU.Build.0 = Debug|Any CPU
		{DB296F44-DFDE-40C4-B587-11DA28213EAB}.Release|Any CPU.ActiveCfg = Release|Any CPU
		{DB296F44-DFDE-40C4-B587-11DA28213EAB}.Release|Any CPU.Build.0 = Release|Any CPU
		{E4AE02F5-20EA-4E10-A2A6-B437617EF57C}.Debug|Any CPU.ActiveCfg = Debug|Any CPU
		{E4AE02F5-20EA-4E10-A2A6-B437617EF57C}.Debug|Any CPU.Build.0 = Debug|Any CPU
		{E4AE02F5-20EA-4E10-A2A6-B437617EF57C}.Release|Any CPU.ActiveCfg = Release|Any CPU
		{E4AE02F5-20EA-4E10-A2A6-B437617EF57C}.Release|Any CPU.Build.0 = Release|Any CPU
		{1EC3F2A2-D1F1-41C7-8D3A-CB9767211D71}.Debug|Any CPU.ActiveCfg = Debug|Any CPU
		{1EC3F2A2-D1F1-41C7-8D3A-CB9767211D71}.Debug|Any CPU.Build.0 = Debug|Any CPU
		{1EC3F2A2-D1F1-41C7-8D3A-CB9767211D71}.Release|Any CPU.ActiveCfg = Release|Any CPU
		{1EC3F2A2-D1F1-41C7-8D3A-CB9767211D71}.Release|Any CPU.Build.0 = Release|Any CPU
		{EAC1E965-FDB7-4898-8995-B54A4384FD04}.Debug|Any CPU.ActiveCfg = Debug|Any CPU
		{EAC1E965-FDB7-4898-8995-B54A4384FD04}.Debug|Any CPU.Build.0 = Debug|Any CPU
		{EAC1E965-FDB7-4898-8995-B54A4384FD04}.Release|Any CPU.ActiveCfg = Release|Any CPU
		{EAC1E965-FDB7-4898-8995-B54A4384FD04}.Release|Any CPU.Build.0 = Release|Any CPU
	EndGlobalSection
	GlobalSection(SolutionProperties) = preSolution
		HideSolutionNode = FALSE
	EndGlobalSection
EndGlobal
