
Microsoft Visual Studio Solution File, Format Version 12.00
# Visual Studio 15
VisualStudioVersion = 15.0.26730.16
MinimumVisualStudioVersion = 10.0.40219.1
Project("{FAE04EC0-301F-11D3-BF4B-00C04F79EFBC}") = "Demo", "Demo\Demo.csproj", "{34160658-06B9-4AC0-BD03-7B585E8EDBA5}"
EndProject
Project("{FAE04EC0-301F-11D3-BF4B-00C04F79EFBC}") = "MatchFullName", "MatchFullName\MatchFullName.csproj", "{5F1DB68A-DCBD-471D-9F7B-F970A9A5E72B}"
EndProject
Project("{FAE04EC0-301F-11D3-BF4B-00C04F79EFBC}") = "MatchPhoneNumber", "MatchPhoneNumber\MatchPhoneNumber.csproj", "{739E6DB8-E31E-440D-8B0D-31EAC8442C91}"
EndProject
Project("{FAE04EC0-301F-11D3-BF4B-00C04F79EFBC}") = "MatchHexadecimalNumbers", "MatchHexadecimalNumbers\MatchHexadecimalNumbers.csproj", "{D59DAA99-785F-41E5-9AB0-B0C61A648D61}"
EndProject
Project("{FAE04EC0-301F-11D3-BF4B-00C04F79EFBC}") = "MatchDates", "MatchDates\MatchDates.csproj", "{82D482A9-B737-4949-ACC5-6EA3DDCC2ECF}"
EndProject
Project("{FAE04EC0-301F-11D3-BF4B-00C04F79EFBC}") = "MatchNumbers", "MatchNumbers\MatchNumbers.csproj", "{D15D2D40-3CBC-41A1-9460-07A774185E4C}"
EndProject
Project("{FAE04EC0-301F-11D3-BF4B-00C04F79EFBC}") = "ExtractEmails", "ExtractEmails\ExtractEmails.csproj", "{93017BA9-99F8-4CA8-8D3A-AAE35118B102}"
EndProject
Project("{FAE04EC0-301F-11D3-BF4B-00C04F79EFBC}") = "ExtractSentencesByKeyword", "ExtractSentencesByKeyword\ExtractSentencesByKeyword.csproj", "{908850DD-F02F-4888-A48D-A72CD367691A}"
EndProject
Project("{FAE04EC0-301F-11D3-BF4B-00C04F79EFBC}") = "CameraView", "CameraView\CameraView.csproj", "{B858BED3-579A-4232-87EF-877725B795DF}"
EndProject
Project("{FAE04EC0-301F-11D3-BF4B-00C04F79EFBC}") = "ReplaceTag", "ReplaceTag\ReplaceTag.csproj", "{AD8E1AC7-3534-44A6-99A0-787042E255EF}"
EndProject
Project("{FAE04EC0-301F-11D3-BF4B-00C04F79EFBC}") = "Weather", "Weather\Weather.csproj", "{24806619-5D8E-4BBF-B4C6-B20FF5D925DE}"
EndProject
Project("{FAE04EC0-301F-11D3-BF4B-00C04F79EFBC}") = "KeyReplaces", "KeyReplaces\KeyReplaces.csproj", "{DF5E45F7-4DC2-4356-A76B-8C7E654386DE}"
EndProject
Global
	GlobalSection(SolutionConfigurationPlatforms) = preSolution
		Debug|Any CPU = Debug|Any CPU
		Release|Any CPU = Release|Any CPU
	EndGlobalSection
	GlobalSection(ProjectConfigurationPlatforms) = postSolution
		{34160658-06B9-4AC0-BD03-7B585E8EDBA5}.Debug|Any CPU.ActiveCfg = Debug|Any CPU
		{34160658-06B9-4AC0-BD03-7B585E8EDBA5}.Debug|Any CPU.Build.0 = Debug|Any CPU
		{34160658-06B9-4AC0-BD03-7B585E8EDBA5}.Release|Any CPU.ActiveCfg = Release|Any CPU
		{34160658-06B9-4AC0-BD03-7B585E8EDBA5}.Release|Any CPU.Build.0 = Release|Any CPU
		{5F1DB68A-DCBD-471D-9F7B-F970A9A5E72B}.Debug|Any CPU.ActiveCfg = Debug|Any CPU
		{5F1DB68A-DCBD-471D-9F7B-F970A9A5E72B}.Debug|Any CPU.Build.0 = Debug|Any CPU
		{5F1DB68A-DCBD-471D-9F7B-F970A9A5E72B}.Release|Any CPU.ActiveCfg = Release|Any CPU
		{5F1DB68A-DCBD-471D-9F7B-F970A9A5E72B}.Release|Any CPU.Build.0 = Release|Any CPU
		{739E6DB8-E31E-440D-8B0D-31EAC8442C91}.Debug|Any CPU.ActiveCfg = Debug|Any CPU
		{739E6DB8-E31E-440D-8B0D-31EAC8442C91}.Debug|Any CPU.Build.0 = Debug|Any CPU
		{739E6DB8-E31E-440D-8B0D-31EAC8442C91}.Release|Any CPU.ActiveCfg = Release|Any CPU
		{739E6DB8-E31E-440D-8B0D-31EAC8442C91}.Release|Any CPU.Build.0 = Release|Any CPU
		{D59DAA99-785F-41E5-9AB0-B0C61A648D61}.Debug|Any CPU.ActiveCfg = Debug|Any CPU
		{D59DAA99-785F-41E5-9AB0-B0C61A648D61}.Debug|Any CPU.Build.0 = Debug|Any CPU
		{D59DAA99-785F-41E5-9AB0-B0C61A648D61}.Release|Any CPU.ActiveCfg = Release|Any CPU
		{D59DAA99-785F-41E5-9AB0-B0C61A648D61}.Release|Any CPU.Build.0 = Release|Any CPU
		{82D482A9-B737-4949-ACC5-6EA3DDCC2ECF}.Debug|Any CPU.ActiveCfg = Debug|Any CPU
		{82D482A9-B737-4949-ACC5-6EA3DDCC2ECF}.Debug|Any CPU.Build.0 = Debug|Any CPU
		{82D482A9-B737-4949-ACC5-6EA3DDCC2ECF}.Release|Any CPU.ActiveCfg = Release|Any CPU
		{82D482A9-B737-4949-ACC5-6EA3DDCC2ECF}.Release|Any CPU.Build.0 = Release|Any CPU
		{D15D2D40-3CBC-41A1-9460-07A774185E4C}.Debug|Any CPU.ActiveCfg = Debug|Any CPU
		{D15D2D40-3CBC-41A1-9460-07A774185E4C}.Debug|Any CPU.Build.0 = Debug|Any CPU
		{D15D2D40-3CBC-41A1-9460-07A774185E4C}.Release|Any CPU.ActiveCfg = Release|Any CPU
		{D15D2D40-3CBC-41A1-9460-07A774185E4C}.Release|Any CPU.Build.0 = Release|Any CPU
		{93017BA9-99F8-4CA8-8D3A-AAE35118B102}.Debug|Any CPU.ActiveCfg = Debug|Any CPU
		{93017BA9-99F8-4CA8-8D3A-AAE35118B102}.Debug|Any CPU.Build.0 = Debug|Any CPU
		{93017BA9-99F8-4CA8-8D3A-AAE35118B102}.Release|Any CPU.ActiveCfg = Release|Any CPU
		{93017BA9-99F8-4CA8-8D3A-AAE35118B102}.Release|Any CPU.Build.0 = Release|Any CPU
		{908850DD-F02F-4888-A48D-A72CD367691A}.Debug|Any CPU.ActiveCfg = Debug|Any CPU
		{908850DD-F02F-4888-A48D-A72CD367691A}.Debug|Any CPU.Build.0 = Debug|Any CPU
		{908850DD-F02F-4888-A48D-A72CD367691A}.Release|Any CPU.ActiveCfg = Release|Any CPU
		{908850DD-F02F-4888-A48D-A72CD367691A}.Release|Any CPU.Build.0 = Release|Any CPU
		{B858BED3-579A-4232-87EF-877725B795DF}.Debug|Any CPU.ActiveCfg = Debug|Any CPU
		{B858BED3-579A-4232-87EF-877725B795DF}.Debug|Any CPU.Build.0 = Debug|Any CPU
		{B858BED3-579A-4232-87EF-877725B795DF}.Release|Any CPU.ActiveCfg = Release|Any CPU
		{B858BED3-579A-4232-87EF-877725B795DF}.Release|Any CPU.Build.0 = Release|Any CPU
		{AD8E1AC7-3534-44A6-99A0-787042E255EF}.Debug|Any CPU.ActiveCfg = Debug|Any CPU
		{AD8E1AC7-3534-44A6-99A0-787042E255EF}.Debug|Any CPU.Build.0 = Debug|Any CPU
		{AD8E1AC7-3534-44A6-99A0-787042E255EF}.Release|Any CPU.ActiveCfg = Release|Any CPU
		{AD8E1AC7-3534-44A6-99A0-787042E255EF}.Release|Any CPU.Build.0 = Release|Any CPU
		{24806619-5D8E-4BBF-B4C6-B20FF5D925DE}.Debug|Any CPU.ActiveCfg = Debug|Any CPU
		{24806619-5D8E-4BBF-B4C6-B20FF5D925DE}.Debug|Any CPU.Build.0 = Debug|Any CPU
		{24806619-5D8E-4BBF-B4C6-B20FF5D925DE}.Release|Any CPU.ActiveCfg = Release|Any CPU
		{24806619-5D8E-4BBF-B4C6-B20FF5D925DE}.Release|Any CPU.Build.0 = Release|Any CPU
		{DF5E45F7-4DC2-4356-A76B-8C7E654386DE}.Debug|Any CPU.ActiveCfg = Debug|Any CPU
		{DF5E45F7-4DC2-4356-A76B-8C7E654386DE}.Debug|Any CPU.Build.0 = Debug|Any CPU
		{DF5E45F7-4DC2-4356-A76B-8C7E654386DE}.Release|Any CPU.ActiveCfg = Release|Any CPU
		{DF5E45F7-4DC2-4356-A76B-8C7E654386DE}.Release|Any CPU.Build.0 = Release|Any CPU
	EndGlobalSection
	GlobalSection(SolutionProperties) = preSolution
		HideSolutionNode = FALSE
	EndGlobalSection
	GlobalSection(ExtensibilityGlobals) = postSolution
		SolutionGuid = {C80C76FE-EDAC-49B6-871F-52B62EDCD804}
	EndGlobalSection
EndGlobal
