
Microsoft Visual Studio Solution File, Format Version 12.00
# Visual Studio 15
VisualStudioVersion = 15.0.26730.16
MinimumVisualStudioVersion = 10.0.40219.1
Project("{FAE04EC0-301F-11D3-BF4B-00C04F79EFBC}") = "SinoTheWalker", "SinoTheWalker\SinoTheWalker.csproj", "{7860DA31-31D3-4CDB-B483-3046121B756A}"
EndProject
Project("{FAE04EC0-301F-11D3-BF4B-00C04F79EFBC}") = "SoftUniKaraoke", "SoftUniKaraoke\SoftUniKaraoke.csproj", "{42CAD346-3AE4-4CCB-BEDC-0E8631BBE695}"
EndProject
Project("{FAE04EC0-301F-11D3-BF4B-00C04F79EFBC}") = "EnduranceRally", "EnduranceRally\EnduranceRally.csproj", "{274058A9-2135-4A5F-B23D-1C669E783140}"
EndProject
Project("{FAE04EC0-301F-11D3-BF4B-00C04F79EFBC}") = "WinningTicket", "WinningTicket\WinningTicket.csproj", "{0005D192-B321-40CC-9ED8-E04276692788}"
EndProject
Project("{FAE04EC0-301F-11D3-BF4B-00C04F79EFBC}") = "SoftuniCoffeeOrders", "SoftuniCoffeeOrders\SoftuniCoffeeOrders.csproj", "{5DC61341-32FD-452A-AC43-F3117514D611}"
EndProject
Project("{FAE04EC0-301F-11D3-BF4B-00C04F79EFBC}") = "CommandInterpreter", "CommandInterpreter\CommandInterpreter.csproj", "{19E8064A-DA05-4E77-8090-CBEC16230308}"
EndProject
Project("{FAE04EC0-301F-11D3-BF4B-00C04F79EFBC}") = "RageQuit", "RageQuit\RageQuit.csproj", "{3FA87D37-1218-4FAA-B34D-B56C90151063}"
EndProject
Project("{FAE04EC0-301F-11D3-BF4B-00C04F79EFBC}") = "Files", "Files\Files.csproj", "{94D53F1C-F2AD-443A-A132-73790C55FF58}"
EndProject
Project("{FAE04EC0-301F-11D3-BF4B-00C04F79EFBC}") = "SweetDessert", "SweetDessert\SweetDessert.csproj", "{58708338-368B-4AE1-8AE6-97A6BF1968E3}"
EndProject
Project("{FAE04EC0-301F-11D3-BF4B-00C04F79EFBC}") = "ArrayManipulator", "ArrayManipulator\ArrayManipulator.csproj", "{C8C81606-0B1A-416F-9359-A1AE1AA7D2DB}"
EndProject
Project("{FAE04EC0-301F-11D3-BF4B-00C04F79EFBC}") = "FootballStandings", "FootballStandings\FootballStandings.csproj", "{E2B7F679-68F4-4423-A06E-A20F21278E31}"
EndProject
Project("{FAE04EC0-301F-11D3-BF4B-00C04F79EFBC}") = "CubicsMessages", "CubicsMessages\CubicsMessages.csproj", "{DD15F168-E070-4861-A4B9-ADFEA540F0D2}"
EndProject
Project("{FAE04EC0-301F-11D3-BF4B-00C04F79EFBC}") = "Pokemon", "Pokemon\Pokemon.csproj", "{0DDC722E-4686-479C-BF06-CF2F71B51D4A}"
EndProject
Project("{FAE04EC0-301F-11D3-BF4B-00C04F79EFBC}") = "PokemonDontGo", "PokemonDontGo\PokemonDontGo.csproj", "{3DAEAB66-E636-49EB-B548-9FFFB4C45CE4}"
EndProject
Project("{FAE04EC0-301F-11D3-BF4B-00C04F79EFBC}") = "Regexmon", "Regexmon\Regexmon.csproj", "{B086C3CD-BED7-4825-BA45-4505808C9015}"
EndProject
Project("{FAE04EC0-301F-11D3-BF4B-00C04F79EFBC}") = "PokemonEvolution", "PokemonEvolution\PokemonEvolution.csproj", "{834E4A16-E64C-4D07-AE3F-6A20FCD5AC7B}"
EndProject
Global
	GlobalSection(SolutionConfigurationPlatforms) = preSolution
		Debug|Any CPU = Debug|Any CPU
		Release|Any CPU = Release|Any CPU
	EndGlobalSection
	GlobalSection(ProjectConfigurationPlatforms) = postSolution
		{7860DA31-31D3-4CDB-B483-3046121B756A}.Debug|Any CPU.ActiveCfg = Debug|Any CPU
		{7860DA31-31D3-4CDB-B483-3046121B756A}.Debug|Any CPU.Build.0 = Debug|Any CPU
		{7860DA31-31D3-4CDB-B483-3046121B756A}.Release|Any CPU.ActiveCfg = Release|Any CPU
		{7860DA31-31D3-4CDB-B483-3046121B756A}.Release|Any CPU.Build.0 = Release|Any CPU
		{42CAD346-3AE4-4CCB-BEDC-0E8631BBE695}.Debug|Any CPU.ActiveCfg = Debug|Any CPU
		{42CAD346-3AE4-4CCB-BEDC-0E8631BBE695}.Debug|Any CPU.Build.0 = Debug|Any CPU
		{42CAD346-3AE4-4CCB-BEDC-0E8631BBE695}.Release|Any CPU.ActiveCfg = Release|Any CPU
		{42CAD346-3AE4-4CCB-BEDC-0E8631BBE695}.Release|Any CPU.Build.0 = Release|Any CPU
		{274058A9-2135-4A5F-B23D-1C669E783140}.Debug|Any CPU.ActiveCfg = Debug|Any CPU
		{274058A9-2135-4A5F-B23D-1C669E783140}.Debug|Any CPU.Build.0 = Debug|Any CPU
		{274058A9-2135-4A5F-B23D-1C669E783140}.Release|Any CPU.ActiveCfg = Release|Any CPU
		{274058A9-2135-4A5F-B23D-1C669E783140}.Release|Any CPU.Build.0 = Release|Any CPU
		{0005D192-B321-40CC-9ED8-E04276692788}.Debug|Any CPU.ActiveCfg = Debug|Any CPU
		{0005D192-B321-40CC-9ED8-E04276692788}.Debug|Any CPU.Build.0 = Debug|Any CPU
		{0005D192-B321-40CC-9ED8-E04276692788}.Release|Any CPU.ActiveCfg = Release|Any CPU
		{0005D192-B321-40CC-9ED8-E04276692788}.Release|Any CPU.Build.0 = Release|Any CPU
		{5DC61341-32FD-452A-AC43-F3117514D611}.Debug|Any CPU.ActiveCfg = Debug|Any CPU
		{5DC61341-32FD-452A-AC43-F3117514D611}.Debug|Any CPU.Build.0 = Debug|Any CPU
		{5DC61341-32FD-452A-AC43-F3117514D611}.Release|Any CPU.ActiveCfg = Release|Any CPU
		{5DC61341-32FD-452A-AC43-F3117514D611}.Release|Any CPU.Build.0 = Release|Any CPU
		{19E8064A-DA05-4E77-8090-CBEC16230308}.Debug|Any CPU.ActiveCfg = Debug|Any CPU
		{19E8064A-DA05-4E77-8090-CBEC16230308}.Debug|Any CPU.Build.0 = Debug|Any CPU
		{19E8064A-DA05-4E77-8090-CBEC16230308}.Release|Any CPU.ActiveCfg = Release|Any CPU
		{19E8064A-DA05-4E77-8090-CBEC16230308}.Release|Any CPU.Build.0 = Release|Any CPU
		{3FA87D37-1218-4FAA-B34D-B56C90151063}.Debug|Any CPU.ActiveCfg = Debug|Any CPU
		{3FA87D37-1218-4FAA-B34D-B56C90151063}.Debug|Any CPU.Build.0 = Debug|Any CPU
		{3FA87D37-1218-4FAA-B34D-B56C90151063}.Release|Any CPU.ActiveCfg = Release|Any CPU
		{3FA87D37-1218-4FAA-B34D-B56C90151063}.Release|Any CPU.Build.0 = Release|Any CPU
		{94D53F1C-F2AD-443A-A132-73790C55FF58}.Debug|Any CPU.ActiveCfg = Debug|Any CPU
		{94D53F1C-F2AD-443A-A132-73790C55FF58}.Debug|Any CPU.Build.0 = Debug|Any CPU
		{94D53F1C-F2AD-443A-A132-73790C55FF58}.Release|Any CPU.ActiveCfg = Release|Any CPU
		{94D53F1C-F2AD-443A-A132-73790C55FF58}.Release|Any CPU.Build.0 = Release|Any CPU
		{58708338-368B-4AE1-8AE6-97A6BF1968E3}.Debug|Any CPU.ActiveCfg = Debug|Any CPU
		{58708338-368B-4AE1-8AE6-97A6BF1968E3}.Debug|Any CPU.Build.0 = Debug|Any CPU
		{58708338-368B-4AE1-8AE6-97A6BF1968E3}.Release|Any CPU.ActiveCfg = Release|Any CPU
		{58708338-368B-4AE1-8AE6-97A6BF1968E3}.Release|Any CPU.Build.0 = Release|Any CPU
		{C8C81606-0B1A-416F-9359-A1AE1AA7D2DB}.Debug|Any CPU.ActiveCfg = Debug|Any CPU
		{C8C81606-0B1A-416F-9359-A1AE1AA7D2DB}.Debug|Any CPU.Build.0 = Debug|Any CPU
		{C8C81606-0B1A-416F-9359-A1AE1AA7D2DB}.Release|Any CPU.ActiveCfg = Release|Any CPU
		{C8C81606-0B1A-416F-9359-A1AE1AA7D2DB}.Release|Any CPU.Build.0 = Release|Any CPU
		{E2B7F679-68F4-4423-A06E-A20F21278E31}.Debug|Any CPU.ActiveCfg = Debug|Any CPU
		{E2B7F679-68F4-4423-A06E-A20F21278E31}.Debug|Any CPU.Build.0 = Debug|Any CPU
		{E2B7F679-68F4-4423-A06E-A20F21278E31}.Release|Any CPU.ActiveCfg = Release|Any CPU
		{E2B7F679-68F4-4423-A06E-A20F21278E31}.Release|Any CPU.Build.0 = Release|Any CPU
		{DD15F168-E070-4861-A4B9-ADFEA540F0D2}.Debug|Any CPU.ActiveCfg = Debug|Any CPU
		{DD15F168-E070-4861-A4B9-ADFEA540F0D2}.Debug|Any CPU.Build.0 = Debug|Any CPU
		{DD15F168-E070-4861-A4B9-ADFEA540F0D2}.Release|Any CPU.ActiveCfg = Release|Any CPU
		{DD15F168-E070-4861-A4B9-ADFEA540F0D2}.Release|Any CPU.Build.0 = Release|Any CPU
		{0DDC722E-4686-479C-BF06-CF2F71B51D4A}.Debug|Any CPU.ActiveCfg = Debug|Any CPU
		{0DDC722E-4686-479C-BF06-CF2F71B51D4A}.Debug|Any CPU.Build.0 = Debug|Any CPU
		{0DDC722E-4686-479C-BF06-CF2F71B51D4A}.Release|Any CPU.ActiveCfg = Release|Any CPU
		{0DDC722E-4686-479C-BF06-CF2F71B51D4A}.Release|Any CPU.Build.0 = Release|Any CPU
		{3DAEAB66-E636-49EB-B548-9FFFB4C45CE4}.Debug|Any CPU.ActiveCfg = Debug|Any CPU
		{3DAEAB66-E636-49EB-B548-9FFFB4C45CE4}.Debug|Any CPU.Build.0 = Debug|Any CPU
		{3DAEAB66-E636-49EB-B548-9FFFB4C45CE4}.Release|Any CPU.ActiveCfg = Release|Any CPU
		{3DAEAB66-E636-49EB-B548-9FFFB4C45CE4}.Release|Any CPU.Build.0 = Release|Any CPU
		{B086C3CD-BED7-4825-BA45-4505808C9015}.Debug|Any CPU.ActiveCfg = Debug|Any CPU
		{B086C3CD-BED7-4825-BA45-4505808C9015}.Debug|Any CPU.Build.0 = Debug|Any CPU
		{B086C3CD-BED7-4825-BA45-4505808C9015}.Release|Any CPU.ActiveCfg = Release|Any CPU
		{B086C3CD-BED7-4825-BA45-4505808C9015}.Release|Any CPU.Build.0 = Release|Any CPU
		{834E4A16-E64C-4D07-AE3F-6A20FCD5AC7B}.Debug|Any CPU.ActiveCfg = Debug|Any CPU
		{834E4A16-E64C-4D07-AE3F-6A20FCD5AC7B}.Debug|Any CPU.Build.0 = Debug|Any CPU
		{834E4A16-E64C-4D07-AE3F-6A20FCD5AC7B}.Release|Any CPU.ActiveCfg = Release|Any CPU
		{834E4A16-E64C-4D07-AE3F-6A20FCD5AC7B}.Release|Any CPU.Build.0 = Release|Any CPU
	EndGlobalSection
	GlobalSection(SolutionProperties) = preSolution
		HideSolutionNode = FALSE
	EndGlobalSection
	GlobalSection(ExtensibilityGlobals) = postSolution
		SolutionGuid = {2E1639E3-E293-4CAF-A9C7-001F1D57F5EA}
	EndGlobalSection
EndGlobal
